
Microsoft Visual Studio Solution File, Format Version 12.00
# Visual Studio Version 16
VisualStudioVersion = 16.0.29709.97
MinimumVisualStudioVersion = 10.0.40219.1
Project("{9A19103F-16F7-4668-BE54-9A1E7A4F7556}") = "TriviaBoxServer", "TriviaBoxServer\TriviaBoxServer.csproj", "{02F351FC-2FBE-45C6-B5B4-5DF8A23786BE}"
EndProject
Global
	GlobalSection(SolutionConfigurationPlatforms) = preSolution
		Debug|Any CPU = Debug|Any CPU
		Release|Any CPU = Release|Any CPU
	EndGlobalSection
	GlobalSection(ProjectConfigurationPlatforms) = postSolution
		{02F351FC-2FBE-45C6-B5B4-5DF8A23786BE}.Debug|Any CPU.ActiveCfg = Debug|Any CPU
		{02F351FC-2FBE-45C6-B5B4-5DF8A23786BE}.Debug|Any CPU.Build.0 = Debug|Any CPU
		{02F351FC-2FBE-45C6-B5B4-5DF8A23786BE}.Release|Any CPU.ActiveCfg = Release|Any CPU
		{02F351FC-2FBE-45C6-B5B4-5DF8A23786BE}.Release|Any CPU.Build.0 = Release|Any CPU
	EndGlobalSection
	GlobalSection(SolutionProperties) = preSolution
		HideSolutionNode = FALSE
	EndGlobalSection
	GlobalSection(ExtensibilityGlobals) = postSolution
		SolutionGuid = {8122C620-6855-4300-82A8-D5D230000C51}
	EndGlobalSection
EndGlobal
